<?xml version="1.0" encoding="utf-8"?>
<Project ToolsVersion="4.0" xmlns="http://schemas.microsoft.com/developer/msbuild/2003">
  <ItemGroup>
    <Filter Include="Source Files">
      <UniqueIdentifier>{0200ebfa-8279-4d71-bb88-58eca49433ce}</UniqueIdentifier>
      <Extensions>cpp;c;cxx;rc;def;r;odl;idl;hpj;bat</Extensions>
    </Filter>
    <Filter Include="Resource Files">
      <UniqueIdentifier>{bd299092-6eb1-4c7e-a2fd-dfd8da68e599}</UniqueIdentifier>
      <Extensions>ico;cur;bmp;dlg;rc2;rct;bin;rgs;gif;jpg;jpeg;jpe</Extensions>
    </Filter>
    <Filter Include="Header Files">
      <UniqueIdentifier>{37b02cc3-abc0-49d5-be98-5cc580ce4bb4}</UniqueIdentifier>
      <Extensions>h;hpp;hxx;hm;inl</Extensions>
    </Filter>
  </ItemGroup>
  <ItemGroup>
    <ClCompile Include="convert.c">
      <Filter>Source Files</Filter>
    </ClCompile>
    <ClCompile Include="gd3.c">
      <Filter>Source Files</Filter>
    </ClCompile>
    <ClCompile Include="gui.c">
      <Filter>Source Files</Filter>
    </ClCompile>
    <ClCompile Include="optimise.c">
      <Filter>Source Files</Filter>
    </ClCompile>
    <ClCompile Include="trim.c">
      <Filter>Source Files</Filter>
    </ClCompile>
    <ClCompile Include="utils.c">
      <Filter>Source Files</Filter>
    </ClCompile>
    <ClCompile Include="vgm.c">
      <Filter>Source Files</Filter>
    </ClCompile>
    <ClCompile Include="vgmtool.c">
      <Filter>Source Files</Filter>
    </ClCompile>
    <ClCompile Include="writetotext.c">
      <Filter>Source Files</Filter>
    </ClCompile>
  </ItemGroup>
  <ItemGroup>
    <Image Include="icon1.ico">
      <Filter>Resource Files</Filter>
    </Image>
    <Image Include="Imagelist.bmp">
      <Filter>Resource Files</Filter>
    </Image>
  </ItemGroup>
  <ItemGroup>
    <Xml Include="manifest.xml">
      <Filter>Resource Files</Filter>
    </Xml>
  </ItemGroup>
  <ItemGroup>
    <ResourceCompile Include="resources.rc">
      <Filter>Resource Files</Filter>
    </ResourceCompile>
  </ItemGroup>
  <ItemGroup>
    <ClInclude Include="convert.h">
      <Filter>Header Files</Filter>
    </ClInclude>
    <ClInclude Include="gd3.h">
      <Filter>Header Files</Filter>
    </ClInclude>
    <ClInclude Include="gui.h">
      <Filter>Header Files</Filter>
    </ClInclude>
    <ClInclude Include="optimise.h">
      <Filter>Header Files</Filter>
    </ClInclude>
    <ClInclude Include="resource.h">
      <Filter>Header Files</Filter>
    </ClInclude>
    <ClInclude Include="trim.h">
      <Filter>Header Files</Filter>
    </ClInclude>
    <ClInclude Include="utils.h">
      <Filter>Header Files</Filter>
    </ClInclude>
    <ClInclude Include="vgm.h">
      <Filter>Header Files</Filter>
    </ClInclude>
    <ClInclude Include="writetotext.h">
      <Filter>Header Files</Filter>
    </ClInclude>
  </ItemGroup>
  <ItemGroup>
    <Text Include="vgmtool.txt" />
  </ItemGroup>
</Project>